
Microsoft Visual Studio Solution File, Format Version 12.00
# Visual Studio 15
VisualStudioVersion = 15.0.28010.2003
MinimumVisualStudioVersion = 10.0.40219.1
Project("{FAE04EC0-301F-11D3-BF4B-00C04F79EFBC}") = "GigHubCore", "GigHubCore\GigHubCore.csproj", "{833A4379-EDD8-4136-8150-71449C558455}"
EndProject
Global
	GlobalSection(SolutionConfigurationPlatforms) = preSolution
		Debug|Any CPU = Debug|Any CPU
		Release|Any CPU = Release|Any CPU
	EndGlobalSection
	GlobalSection(ProjectConfigurationPlatforms) = postSolution
		{833A4379-EDD8-4136-8150-71449C558455}.Debug|Any CPU.ActiveCfg = Debug|Any CPU
		{833A4379-EDD8-4136-8150-71449C558455}.Debug|Any CPU.Build.0 = Debug|Any CPU
		{833A4379-EDD8-4136-8150-71449C558455}.Release|Any CPU.ActiveCfg = Release|Any CPU
		{833A4379-EDD8-4136-8150-71449C558455}.Release|Any CPU.Build.0 = Release|Any CPU
	EndGlobalSection
	GlobalSection(SolutionProperties) = preSolution
		HideSolutionNode = FALSE
	EndGlobalSection
	GlobalSection(ExtensibilityGlobals) = postSolution
		SolutionGuid = {EC8AFFB2-F335-4728-A96D-86189B589E9A}
	EndGlobalSection
	GlobalSection(TeamFoundationVersionControl) = preSolution
		SccNumberOfProjects = 2
		SccEnterpriseProvider = {4CA58AB2-18FA-4F8D-95D4-32DDF27D184C}
		SccTeamFoundationServer = https://raulmarin.visualstudio.com/
		SccLocalPath0 = .
		SccProjectUniqueName1 = GigHubCore\\GigHubCore.csproj
		SccProjectName1 = GigHubCore
		SccLocalPath1 = GigHubCore
	EndGlobalSection
EndGlobal
